
Microsoft Visual Studio Solution File, Format Version 12.00
Project("{FAE04EC0-301F-11D3-BF4B-00C04F79EFBC}") = "Firepuma.Scheduling.Domain", "Firepuma.Scheduling.Domain\Firepuma.Scheduling.Domain.csproj", "{957C4449-E7B9-4BD2-A333-8B57C775F4F4}"
EndProject
Project("{FAE04EC0-301F-11D3-BF4B-00C04F79EFBC}") = "Firepuma.Scheduling.Infrastructure", "Firepuma.Scheduling.Infrastructure\Firepuma.Scheduling.Infrastructure.csproj", "{08AF0B97-F006-4221-B7C9-38755A85C9EA}"
EndProject
Project("{FAE04EC0-301F-11D3-BF4B-00C04F79EFBC}") = "Firepuma.Scheduling.Tests", "Firepuma.Scheduling.Tests\Firepuma.Scheduling.Tests.csproj", "{050B1D54-2092-45F3-A12A-718238B472CF}"
EndProject
Project("{FAE04EC0-301F-11D3-BF4B-00C04F79EFBC}") = "Firepuma.Scheduling.Worker", "Firepuma.Scheduling.Worker\Firepuma.Scheduling.Worker.csproj", "{DAF077D7-D487-47DF-87BC-5C792FC90EA3}"
EndProject
Global
	GlobalSection(SolutionConfigurationPlatforms) = preSolution
		Debug|Any CPU = Debug|Any CPU
		Release|Any CPU = Release|Any CPU
	EndGlobalSection
	GlobalSection(ProjectConfigurationPlatforms) = postSolution
		{957C4449-E7B9-4BD2-A333-8B57C775F4F4}.Debug|Any CPU.ActiveCfg = Debug|Any CPU
		{957C4449-E7B9-4BD2-A333-8B57C775F4F4}.Debug|Any CPU.Build.0 = Debug|Any CPU
		{957C4449-E7B9-4BD2-A333-8B57C775F4F4}.Release|Any CPU.ActiveCfg = Release|Any CPU
		{957C4449-E7B9-4BD2-A333-8B57C775F4F4}.Release|Any CPU.Build.0 = Release|Any CPU
		{08AF0B97-F006-4221-B7C9-38755A85C9EA}.Debug|Any CPU.ActiveCfg = Debug|Any CPU
		{08AF0B97-F006-4221-B7C9-38755A85C9EA}.Debug|Any CPU.Build.0 = Debug|Any CPU
		{08AF0B97-F006-4221-B7C9-38755A85C9EA}.Release|Any CPU.ActiveCfg = Release|Any CPU
		{08AF0B97-F006-4221-B7C9-38755A85C9EA}.Release|Any CPU.Build.0 = Release|Any CPU
		{050B1D54-2092-45F3-A12A-718238B472CF}.Debug|Any CPU.ActiveCfg = Debug|Any CPU
		{050B1D54-2092-45F3-A12A-718238B472CF}.Debug|Any CPU.Build.0 = Debug|Any CPU
		{050B1D54-2092-45F3-A12A-718238B472CF}.Release|Any CPU.ActiveCfg = Release|Any CPU
		{050B1D54-2092-45F3-A12A-718238B472CF}.Release|Any CPU.Build.0 = Release|Any CPU
		{DAF077D7-D487-47DF-87BC-5C792FC90EA3}.Debug|Any CPU.ActiveCfg = Debug|Any CPU
		{DAF077D7-D487-47DF-87BC-5C792FC90EA3}.Debug|Any CPU.Build.0 = Debug|Any CPU
		{DAF077D7-D487-47DF-87BC-5C792FC90EA3}.Release|Any CPU.ActiveCfg = Release|Any CPU
		{DAF077D7-D487-47DF-87BC-5C792FC90EA3}.Release|Any CPU.Build.0 = Release|Any CPU
	EndGlobalSection
	GlobalSection(NestedProjects) = preSolution
	EndGlobalSection
EndGlobal
